
Microsoft Visual Studio Solution File, Format Version 12.00
# Visual Studio Version 17
VisualStudioVersion = 17.9.34728.123
MinimumVisualStudioVersion = 10.0.40219.1
Project("{FAE04EC0-301F-11D3-BF4B-00C04F79EFBC}") = "LeetCodeConsoleApp", "LeetCodeConsoleApp\LeetCodeConsoleApp.csproj", "{58DA6359-9F9D-4E0C-B262-C0E310A3F05D}"
EndProject
Global
	GlobalSection(SolutionConfigurationPlatforms) = preSolution
		Debug|Any CPU = Debug|Any CPU
		Release|Any CPU = Release|Any CPU
	EndGlobalSection
	GlobalSection(ProjectConfigurationPlatforms) = postSolution
		{58DA6359-9F9D-4E0C-B262-C0E310A3F05D}.Debug|Any CPU.ActiveCfg = Debug|Any CPU
		{58DA6359-9F9D-4E0C-B262-C0E310A3F05D}.Debug|Any CPU.Build.0 = Debug|Any CPU
		{58DA6359-9F9D-4E0C-B262-C0E310A3F05D}.Release|Any CPU.ActiveCfg = Release|Any CPU
		{58DA6359-9F9D-4E0C-B262-C0E310A3F05D}.Release|Any CPU.Build.0 = Release|Any CPU
	EndGlobalSection
	GlobalSection(SolutionProperties) = preSolution
		HideSolutionNode = FALSE
	EndGlobalSection
	GlobalSection(ExtensibilityGlobals) = postSolution
		SolutionGuid = {C7F66CFD-9578-4969-A60E-E53CCEA93DF3}
	EndGlobalSection
EndGlobal
